// !$*UTF8*$!
{
	archiveVersion = 1;
	classes = {
	};
	objectVersion = 46;
	objects = {

/* Begin PBXBuildFile section */
		5077C7701E3BDE2A002BEC7F /* AppDelegate.swift in Sources */ = {isa = PBXBuildFile; fileRef = 5077C76F1E3BDE2A002BEC7F /* AppDelegate.swift */; };
		5077C7721E3BDE2A002BEC7F /* ViewController.swift in Sources */ = {isa = PBXBuildFile; fileRef = 5077C7711E3BDE2A002BEC7F /* ViewController.swift */; };
		5077C7751E3BDE2A002BEC7F /* Main.storyboard in Resources */ = {isa = PBXBuildFile; fileRef = 5077C7731E3BDE2A002BEC7F /* Main.storyboard */; };
		5077C7771E3BDE2A002BEC7F /* Assets.xcassets in Resources */ = {isa = PBXBuildFile; fileRef = 5077C7761E3BDE2A002BEC7F /* Assets.xcassets */; };
		5077C77A1E3BDE2A002BEC7F /* LaunchScreen.storyboard in Resources */ = {isa = PBXBuildFile; fileRef = 5077C7781E3BDE2A002BEC7F /* LaunchScreen.storyboard */; };
		508E29861E4A0C5100DA791B /* customButton.swift in Sources */ = {isa = PBXBuildFile; fileRef = 508E29851E4A0C5100DA791B /* customButton.swift */; };
		508E29881E4A146E00DA791B /* customLabel.swift in Sources */ = {isa = PBXBuildFile; fileRef = 508E29871E4A146E00DA791B /* customLabel.swift */; };
/* End PBXBuildFile section */

/* Begin PBXFileReference section */
		5077C76C1E3BDE2A002BEC7F /* simpleGuessNumber.app */ = {isa = PBXFileReference; explicitFileType = wrapper.application; includeInIndex = 0; path = simpleGuessNumber.app; sourceTree = BUILT_PRODUCTS_DIR; };
		5077C76F1E3BDE2A002BEC7F /* AppDelegate.swift */ = {isa = PBXFileReference; lastKnownFileType = sourcecode.swift; path = AppDelegate.swift; sourceTree = "<group>"; };
		5077C7711E3BDE2A002BEC7F /* ViewController.swift */ = {isa = PBXFileReference; lastKnownFileType = sourcecode.swift; path = ViewController.swift; sourceTree = "<group>"; };
		5077C7741E3BDE2A002BEC7F /* Base */ = {isa = PBXFileReference; lastKnownFileType = file.storyboard; name = Base; path = Base.lproj/Main.storyboard; sourceTree = "<group>"; };
		5077C7761E3BDE2A002BEC7F /* Assets.xcassets */ = {isa = PBXFileReference; lastKnownFileType = folder.assetcatalog; path = Assets.xcassets; sourceTree = "<group>"; };
		5077C7791E3BDE2A002BEC7F /* Base */ = {isa = PBXFileReference; lastKnownFileType = file.storyboard; name = Base; path = Base.lproj/LaunchScreen.storyboard; sourceTree = "<group>"; };
		5077C77B1E3BDE2A002BEC7F /* Info.plist */ = {isa = PBXFileReference; lastKnownFileType = text.plist.xml; path = Info.plist; sourceTree = "<group>"; };
		508E29851E4A0C5100DA791B /* customButton.swift */ = {isa = PBXFileReference; fileEncoding = 4; lastKnownFileType = sourcecode.swift; path = customButton.swift; sourceTree = "<group>"; };
		508E29871E4A146E00DA791B /* customLabel.swift */ = {isa = PBXFileReference; fileEncoding = 4; lastKnownFileType = sourcecode.swift; path = customLabel.swift; sourceTree = "<group>"; };
/* End PBXFileReference section */

/* Begin PBXFrameworksBuildPhase section */
		5077C7691E3BDE2A002BEC7F /* Frameworks */ = {
			isa = PBXFrameworksBuildPhase;
			buildActionMask = 2147483647;
			files = (
			);
			runOnlyForDeploymentPostprocessing = 0;
		};
/* End PBXFrameworksBuildPhase section */

/* Begin PBXGroup section */
		5077C7631E3BDE2A002BEC7F = {
			isa = PBXGroup;
			children = (
				5077C76E1E3BDE2A002BEC7F /* simpleGuessNumber */,
				5077C76D1E3BDE2A002BEC7F /* Products */,
			);
			sourceTree = "<group>";
		};
		5077C76D1E3BDE2A002BEC7F /* Products */ = {
			isa = PBXGroup;
			children = (
				5077C76C1E3BDE2A002BEC7F /* simpleGuessNumber.app */,
			);
			name = Products;
			sourceTree = "<group>";
		};
		5077C76E1E3BDE2A002BEC7F /* simpleGuessNumber */ = {
			isa = PBXGroup;
			children = (
				5077C76F1E3BDE2A002BEC7F /* AppDelegate.swift */,
				508E29851E4A0C5100DA791B /* customButton.swift */,
				508E29871E4A146E00DA791B /* customLabel.swift */,
				5077C7711E3BDE2A002BEC7F /* ViewController.swift */,
				5077C7731E3BDE2A002BEC7F /* Main.storyboard */,
				5077C7761E3BDE2A002BEC7F /* Assets.xcassets */,
				5077C7781E3BDE2A002BEC7F /* LaunchScreen.storyboard */,
				5077C77B1E3BDE2A002BEC7F /* Info.plist */,
			);
			path = simpleGuessNumber;
			sourceTree = "<group>";
		};
/* End PBXGroup section */

/* Begin PBXNativeTarget section */
		5077C76B1E3BDE2A002BEC7F /* simpleGuessNumber */ = {
			isa = PBXNativeTarget;
			buildConfigurationList = 5077C77E1E3BDE2A002BEC7F /* Build configuration list for PBXNativeTarget "simpleGuessNumber" */;
			buildPhases = (
				5077C7681E3BDE2A002BEC7F /* Sources */,
				5077C7691E3BDE2A002BEC7F /* Frameworks */,
				5077C76A1E3BDE2A002BEC7F /* Resources */,
			);
			buildRules = (
			);
			dependencies = (
			);
			name = simpleGuessNumber;
			productName = simpleGuessNumber;
			productReference = 5077C76C1E3BDE2A002BEC7F /* simpleGuessNumber.app */;
			productType = "com.apple.product-type.application";
		};
/* End PBXNativeTarget section */

/* Begin PBXProject section */
		5077C7641E3BDE2A002BEC7F /* Project object */ = {
			isa = PBXProject;
			attributes = {
				LastSwiftUpdateCheck = 0800;
				LastUpgradeCheck = 0800;
				ORGANIZATIONNAME = Novex;
				TargetAttributes = {
					5077C76B1E3BDE2A002BEC7F = {
						CreatedOnToolsVersion = 8.0;
						DevelopmentTeam = E5UA8327Y8;
						ProvisioningStyle = Automatic;
					};
				};
			};
			buildConfigurationList = 5077C7671E3BDE2A002BEC7F /* Build configuration list for PBXProject "simpleGuessNumber" */;
			compatibilityVersion = "Xcode 3.2";
			developmentRegion = English;
			hasScannedForEncodings = 0;
			knownRegions = (
				en,
				Base,
			);
			mainGroup = 5077C7631E3BDE2A002BEC7F;
			productRefGroup = 5077C76D1E3BDE2A002BEC7F /* Products */;
			projectDirPath = "";
			projectRoot = "";
			targets = (
				5077C76B1E3BDE2A002BEC7F /* simpleGuessNumber */,
			);
		};
/* End PBXProject section */

/* Begin PBXResourcesBuildPhase section */
		5077C76A1E3BDE2A002BEC7F /* Resources */ = {
			isa = PBXResourcesBuildPhase;
			buildActionMask = 2147483647;
			files = (
				5077C77A1E3BDE2A002BEC7F /* LaunchScreen.storyboard in Resources */,
				5077C7771E3BDE2A002BEC7F /* Assets.xcassets in Resources */,
				5077C7751E3BDE2A002BEC7F /* Main.storyboard in Resources */,
			);
			runOnlyForDeploymentPostprocessing = 0;
		};
/* End PBXResourcesBuildPhase section */

/* Begin PBXSourcesBuildPhase section */
		5077C7681E3BDE2A002BEC7F /* Sources */ = {
			isa = PBXSourcesBuildPhase;
			buildActionMask = 2147483647;
			files = (
				5077C7721E3BDE2A002BEC7F /* ViewController.swift in Sources */,
				5077C7701E3BDE2A002BEC7F /* AppDelegate.swift in Sources */,
				508E29861E4A0C5100DA791B /* customButton.swift in Sources */,
				508E29881E4A146E00DA791B /* customLabel.swift in Sources */,
			);
			runOnlyForDeploymentPostprocessing = 0;
		};
/* End PBXSourcesBuildPhase section */

/* Begin PBXVariantGroup section */
		5077C7731E3BDE2A002BEC7F /* Main.storyboard */ = {
			isa = PBXVariantGroup;
			children = (
				5077C7741E3BDE2A002BEC7F /* Base */,
			);
			name = Main.storyboard;
			sourceTree = "<group>";
		};
		5077C7781E3BDE2A002BEC7F /* LaunchScreen.storyboard */ = {
			isa = PBXVariantGroup;
			children = (
				5077C7791E3BDE2A002BEC7F /* Base */,
			);
			name = LaunchScreen.storyboard;
			sourceTree = "<group>";
		};
/* End PBXVariantGroup section */

/* Begin XCBuildConfiguration section */
		5077C77C1E3BDE2A002BEC7F /* Debug */ = {
			isa = XCBuildConfiguration;
			buildSettings = {
				ALWAYS_SEARCH_USER_PATHS = NO;
				CLANG_ANALYZER_NONNULL = YES;
				CLANG_CXX_LANGUAGE_STANDARD = "gnu++0x";
				CLANG_CXX_LIBRARY = "libc++";
				CLANG_ENABLE_MODULES = YES;
				CLANG_ENABLE_OBJC_ARC = YES;
				CLANG_WARN_BOOL_CONVERSION = YES;
				CLANG_WARN_CONSTANT_CONVERSION = YES;
				CLANG_WARN_DIRECT_OBJC_ISA_USAGE = YES_ERROR;
				CLANG_WARN_DOCUMENTATION_COMMENTS = YES;
				CLANG_WARN_EMPTY_BODY = YES;
				CLANG_WARN_ENUM_CONVERSION = YES;
				CLANG_WARN_INFINITE_RECURSION = YES;
				CLANG_WARN_INT_CONVERSION = YES;
				CLANG_WARN_OBJC_ROOT_CLASS = YES_ERROR;
				CLANG_WARN_SUSPICIOUS_MOVES = YES;
				CLANG_WARN_UNREACHABLE_CODE = YES;
				CLANG_WARN__DUPLICATE_METHOD_MATCH = YES;
				"CODE_SIGN_IDENTITY[sdk=iphoneos*]" = "iPhone Developer";
				COPY_PHASE_STRIP = NO;
				DEBUG_INFORMATION_FORMAT = dwarf;
				ENABLE_STRICT_OBJC_MSGSEND = YES;
				ENABLE_TESTABILITY = YES;
				GCC_C_LANGUAGE_STANDARD = gnu99;
				GCC_DYNAMIC_NO_PIC = NO;
				GCC_NO_COMMON_BLOCKS = YES;
				GCC_OPTIMIZATION_LEVEL = 0;
				GCC_PREPROCESSOR_DEFINITIONS = (
					"DEBUG=1",
					"$(inherited)",
				);
				GCC_WARN_64_TO_32_BIT_CONVERSION = YES;
				GCC_WARN_ABOUT_RETURN_TYPE = YES_ERROR;
				GCC_WARN_UNDECLARED_SELECTOR = YES;
				GCC_WARN_UNINITIALIZED_AUTOS = YES_AGGRESSIVE;
				GCC_WARN_UNUSED_FUNCTION = YES;
				GCC_WARN_UNUSED_VARIABLE = YES;
				IPHONEOS_DEPLOYMENT_TARGET = 10.0;
				MTL_ENABLE_DEBUG_INFO = YES;
				ONLY_ACTIVE_ARCH = YES;
				SDKROOT = iphoneos;
				SWIFT_ACTIVE_COMPILATION_CONDITIONS = DEBUG;
				SWIFT_OPTIMIZATION_LEVEL = "-Onone";
			};
			name = Debug;
		};
		5077C77D1E3BDE2A002BEC7F /* Release */ = {
			isa = XCBuildConfiguration;
			buildSettings = {
				ALWAYS_SEARCH_USER_PATHS = NO;
				CLANG_ANALYZER_NONNULL = YES;
				CLANG_CXX_LANGUAGE_STANDARD = "gnu++0x";
				CLANG_CXX_LIBRARY = "libc++";
				CLANG_ENABLE_MODULES = YES;
				CLANG_ENABLE_OBJC_ARC = YES;
				CLANG_WARN_BOOL_CONVERSION = YES;
				CLANG_WARN_CONSTANT_CONVERSION = YES;
				CLANG_WARN_DIRECT_OBJC_ISA_USAGE = YES_ERROR;
				CLANG_WARN_DOCUMENTATION_COMMENTS = YES;
				CLANG_WARN_EMPTY_BODY = YES;
				CLANG_WARN_ENUM_CONVERSION = YES;
				CLANG_WARN_INFINITE_RECURSION = YES;
				CLANG_WARN_INT_CONVERSION = YES;
				CLANG_WARN_OBJC_ROOT_CLASS = YES_ERROR;
				CLANG_WARN_SUSPICIOUS_MOVES = YES;
				CLANG_WARN_UNREACHABLE_CODE = YES;
				CLANG_WARN__DUPLICATE_METHOD_MATCH = YES;
				"CODE_SIGN_IDENTITY[sdk=iphoneos*]" = "iPhone Developer";
				COPY_PHASE_STRIP = NO;
				DEBUG_INFORMATION_FORMAT = "dwarf-with-dsym";
				ENABLE_NS_ASSERTIONS = NO;
				ENABLE_STRICT_OBJC_MSGSEND = YES;
				GCC_C_LANGUAGE_STANDARD = gnu99;
				GCC_NO_COMMON_BLOCKS = YES;
				GCC_WARN_64_TO_32_BIT_CONVERSION = YES;
				GCC_WARN_ABOUT_RETURN_TYPE = YES_ERROR;
				GCC_WARN_UNDECLARED_SELECTOR = YES;
				GCC_WARN_UNINITIALIZED_AUTOS = YES_AGGRESSIVE;
				GCC_WARN_UNUSED_FUNCTION = YES;
				GCC_WARN_UNUSED_VARIABLE = YES;
				IPHONEOS_DEPLOYMENT_TARGET = 10.0;
				MTL_ENABLE_DEBUG_INFO = NO;
				SDKROOT = iphoneos;
				SWIFT_OPTIMIZATION_LEVEL = "-Owholemodule";
				VALIDATE_PRODUCT = YES;
			};
			name = Release;
		};
		5077C77F1E3BDE2A002BEC7F /* Debug */ = {
			isa = XCBuildConfiguration;
			buildSettings = {
				ASSETCATALOG_COMPILER_APPICON_NAME = AppIcon;
				DEVELOPMENT_TEAM = E5UA8327Y8;
				INFOPLIST_FILE = simpleGuessNumber/Info.plist;
				LD_RUNPATH_SEARCH_PATHS = "$(inherited) @executable_path/Frameworks";
				PRODUCT_BUNDLE_IDENTIFIER = Novex.simGuessNumber;
				PRODUCT_NAME = "$(TARGET_NAME)";
				SWIFT_VERSION = 3.0;
			};
			name = Debug;
		};
		5077C7801E3BDE2A002BEC7F /* Release */ = {
			isa = XCBuildConfiguration;
			buildSettings = {
				ASSETCATALOG_COMPILER_APPICON_NAME = AppIcon;
				DEVELOPMENT_TEAM = E5UA8327Y8;
				INFOPLIST_FILE = simpleGuessNumber/Info.plist;
				LD_RUNPATH_SEARCH_PATHS = "$(inherited) @executable_path/Frameworks";
				PRODUCT_BUNDLE_IDENTIFIER = Novex.simGuessNumber;
				PRODUCT_NAME = "$(TARGET_NAME)";
				SWIFT_VERSION = 3.0;
			};
			name = Release;
		};
/* End XCBuildConfiguration section */

/* Begin XCConfigurationList section */
		5077C7671E3BDE2A002BEC7F /* Build configuration list for PBXProject "simpleGuessNumber" */ = {
			isa = XCConfigurationList;
			buildConfigurations = (
				5077C77C1E3BDE2A002BEC7F /* Debug */,
				5077C77D1E3BDE2A002BEC7F /* Release */,
			);
			defaultConfigurationIsVisible = 0;
			defaultConfigurationName = Release;
		};
		5077C77E1E3BDE2A002BEC7F /* Build configuration list for PBXNativeTarget "simpleGuessNumber" */ = {
			isa = XCConfigurationList;
			buildConfigurations = (
				5077C77F1E3BDE2A002BEC7F /* Debug */,
				5077C7801E3BDE2A002BEC7F /* Release */,
			);
			defaultConfigurationIsVisible = 0;
			defaultConfigurationName = Release;
		};
/* End XCConfigurationList section */
	};
	rootObject = 5077C7641E3BDE2A002BEC7F /* Project object */;
}
